// !$*UTF8*$!
{
	archiveVersion = 1;
	classes = {
	};
	objectVersion = 46;
	objects = {

/* Begin PBXBuildFile section */
		A3FFF1741D382013008CDE73 /* AppDelegate.swift in Sources */ = {isa = PBXBuildFile; fileRef = A3FFF1731D382013008CDE73 /* AppDelegate.swift */; };
		A3FFF1761D382013008CDE73 /* ViewController.swift in Sources */ = {isa = PBXBuildFile; fileRef = A3FFF1751D382013008CDE73 /* ViewController.swift */; };
		A3FFF1791D382013008CDE73 /* Main.storyboard in Resources */ = {isa = PBXBuildFile; fileRef = A3FFF1771D382013008CDE73 /* Main.storyboard */; };
		A3FFF17B1D382013008CDE73 /* Assets.xcassets in Resources */ = {isa = PBXBuildFile; fileRef = A3FFF17A1D382013008CDE73 /* Assets.xcassets */; };
		A3FFF17E1D382013008CDE73 /* LaunchScreen.storyboard in Resources */ = {isa = PBXBuildFile; fileRef = A3FFF17C1D382013008CDE73 /* LaunchScreen.storyboard */; };
/* End PBXBuildFile section */

/* Begin PBXFileReference section */
		A3FFF1701D382013008CDE73 /* CustomMapAnnotation.app */ = {isa = PBXFileReference; explicitFileType = wrapper.application; includeInIndex = 0; path = CustomMapAnnotation.app; sourceTree = BUILT_PRODUCTS_DIR; };
		A3FFF1731D382013008CDE73 /* AppDelegate.swift */ = {isa = PBXFileReference; lastKnownFileType = sourcecode.swift; path = AppDelegate.swift; sourceTree = "<group>"; };
		A3FFF1751D382013008CDE73 /* ViewController.swift */ = {isa = PBXFileReference; lastKnownFileType = sourcecode.swift; path = ViewController.swift; sourceTree = "<group>"; };
		A3FFF1781D382013008CDE73 /* Base */ = {isa = PBXFileReference; lastKnownFileType = file.storyboard; name = Base; path = Base.lproj/Main.storyboard; sourceTree = "<group>"; };
		A3FFF17A1D382013008CDE73 /* Assets.xcassets */ = {isa = PBXFileReference; lastKnownFileType = folder.assetcatalog; path = Assets.xcassets; sourceTree = "<group>"; };
		A3FFF17D1D382013008CDE73 /* Base */ = {isa = PBXFileReference; lastKnownFileType = file.storyboard; name = Base; path = Base.lproj/LaunchScreen.storyboard; sourceTree = "<group>"; };
		A3FFF17F1D382013008CDE73 /* Info.plist */ = {isa = PBXFileReference; lastKnownFileType = text.plist.xml; path = Info.plist; sourceTree = "<group>"; };
/* End PBXFileReference section */

/* Begin PBXFrameworksBuildPhase section */
		A3FFF16D1D382013008CDE73 /* Frameworks */ = {
			isa = PBXFrameworksBuildPhase;
			buildActionMask = 2147483647;
			files = (
			);
			runOnlyForDeploymentPostprocessing = 0;
		};
/* End PBXFrameworksBuildPhase section */

/* Begin PBXGroup section */
		A3FFF1671D382013008CDE73 = {
			isa = PBXGroup;
			children = (
				A3FFF1721D382013008CDE73 /* CustomMapAnnotation */,
				A3FFF1711D382013008CDE73 /* Products */,
			);
			sourceTree = "<group>";
		};
		A3FFF1711D382013008CDE73 /* Products */ = {
			isa = PBXGroup;
			children = (
				A3FFF1701D382013008CDE73 /* CustomMapAnnotation.app */,
			);
			name = Products;
			sourceTree = "<group>";
		};
		A3FFF1721D382013008CDE73 /* CustomMapAnnotation */ = {
			isa = PBXGroup;
			children = (
				A3FFF1731D382013008CDE73 /* AppDelegate.swift */,
				A3FFF1751D382013008CDE73 /* ViewController.swift */,
				A3FFF1771D382013008CDE73 /* Main.storyboard */,
				A3FFF17A1D382013008CDE73 /* Assets.xcassets */,
				A3FFF17C1D382013008CDE73 /* LaunchScreen.storyboard */,
				A3FFF17F1D382013008CDE73 /* Info.plist */,
			);
			path = CustomMapAnnotation;
			sourceTree = "<group>";
		};
/* End PBXGroup section */

/* Begin PBXNativeTarget section */
		A3FFF16F1D382013008CDE73 /* CustomMapAnnotation */ = {
			isa = PBXNativeTarget;
			buildConfigurationList = A3FFF1821D382013008CDE73 /* Build configuration list for PBXNativeTarget "CustomMapAnnotation" */;
			buildPhases = (
				A3FFF16C1D382013008CDE73 /* Sources */,
				A3FFF16D1D382013008CDE73 /* Frameworks */,
				A3FFF16E1D382013008CDE73 /* Resources */,
			);
			buildRules = (
			);
			dependencies = (
			);
			name = CustomMapAnnotation;
			productName = CustomMapAnnotation;
			productReference = A3FFF1701D382013008CDE73 /* CustomMapAnnotation.app */;
			productType = "com.apple.product-type.application";
		};
/* End PBXNativeTarget section */

/* Begin PBXProject section */
		A3FFF1681D382013008CDE73 /* Project object */ = {
			isa = PBXProject;
			attributes = {
				LastSwiftUpdateCheck = 0730;
				LastUpgradeCheck = 0730;
				ORGANIZATIONNAME = "Luke Van In";
				TargetAttributes = {
					A3FFF16F1D382013008CDE73 = {
						CreatedOnToolsVersion = 7.3.1;
					};
				};
			};
			buildConfigurationList = A3FFF16B1D382013008CDE73 /* Build configuration list for PBXProject "CustomMapAnnotation" */;
			compatibilityVersion = "Xcode 3.2";
			developmentRegion = English;
			hasScannedForEncodings = 0;
			knownRegions = (
				en,
				Base,
			);
			mainGroup = A3FFF1671D382013008CDE73;
			productRefGroup = A3FFF1711D382013008CDE73 /* Products */;
			projectDirPath = "";
			projectRoot = "";
			targets = (
				A3FFF16F1D382013008CDE73 /* CustomMapAnnotation */,
			);
		};
/* End PBXProject section */

/* Begin PBXResourcesBuildPhase section */
		A3FFF16E1D382013008CDE73 /* Resources */ = {
			isa = PBXResourcesBuildPhase;
			buildActionMask = 2147483647;
			files = (
				A3FFF17E1D382013008CDE73 /* LaunchScreen.storyboard in Resources */,
				A3FFF17B1D382013008CDE73 /* Assets.xcassets in Resources */,
				A3FFF1791D382013008CDE73 /* Main.storyboard in Resources */,
			);
			runOnlyForDeploymentPostprocessing = 0;
		};
/* End PBXResourcesBuildPhase section */

/* Begin PBXSourcesBuildPhase section */
		A3FFF16C1D382013008CDE73 /* Sources */ = {
			isa = PBXSourcesBuildPhase;
			buildActionMask = 2147483647;
			files = (
				A3FFF1761D382013008CDE73 /* ViewController.swift in Sources */,
				A3FFF1741D382013008CDE73 /* AppDelegate.swift in Sources */,
			);
			runOnlyForDeploymentPostprocessing = 0;
		};
/* End PBXSourcesBuildPhase section */

/* Begin PBXVariantGroup section */
		A3FFF1771D382013008CDE73 /* Main.storyboard */ = {
			isa = PBXVariantGroup;
			children = (
				A3FFF1781D382013008CDE73 /* Base */,
			);
			name = Main.storyboard;
			sourceTree = "<group>";
		};
		A3FFF17C1D382013008CDE73 /* LaunchScreen.storyboard */ = {
			isa = PBXVariantGroup;
			children = (
				A3FFF17D1D382013008CDE73 /* Base */,
			);
			name = LaunchScreen.storyboard;
			sourceTree = "<group>";
		};
/* End PBXVariantGroup section */

/* Begin XCBuildConfiguration section */
		A3FFF1801D382013008CDE73 /* Debug */ = {
			isa = XCBuildConfiguration;
			buildSettings = {
				ALWAYS_SEARCH_USER_PATHS = NO;
				CLANG_ANALYZER_NONNULL = YES;
				CLANG_CXX_LANGUAGE_STANDARD = "gnu++0x";
				CLANG_CXX_LIBRARY = "libc++";
				CLANG_ENABLE_MODULES = YES;
				CLANG_ENABLE_OBJC_ARC = YES;
				CLANG_WARN_BOOL_CONVERSION = YES;
				CLANG_WARN_CONSTANT_CONVERSION = YES;
				CLANG_WARN_DIRECT_OBJC_ISA_USAGE = YES_ERROR;
				CLANG_WARN_EMPTY_BODY = YES;
				CLANG_WARN_ENUM_CONVERSION = YES;
				CLANG_WARN_INT_CONVERSION = YES;
				CLANG_WARN_OBJC_ROOT_CLASS = YES_ERROR;
				CLANG_WARN_UNREACHABLE_CODE = YES;
				CLANG_WARN__DUPLICATE_METHOD_MATCH = YES;
				"CODE_SIGN_IDENTITY[sdk=iphoneos*]" = "iPhone Developer";
				COPY_PHASE_STRIP = NO;
				DEBUG_INFORMATION_FORMAT = dwarf;
				ENABLE_STRICT_OBJC_MSGSEND = YES;
				ENABLE_TESTABILITY = YES;
				GCC_C_LANGUAGE_STANDARD = gnu99;
				GCC_DYNAMIC_NO_PIC = NO;
				GCC_NO_COMMON_BLOCKS = YES;
				GCC_OPTIMIZATION_LEVEL = 0;
				GCC_PREPROCESSOR_DEFINITIONS = (
					"DEBUG=1",
					"$(inherited)",
				);
				GCC_WARN_64_TO_32_BIT_CONVERSION = YES;
				GCC_WARN_ABOUT_RETURN_TYPE = YES_ERROR;
				GCC_WARN_UNDECLARED_SELECTOR = YES;
				GCC_WARN_UNINITIALIZED_AUTOS = YES_AGGRESSIVE;
				GCC_WARN_UNUSED_FUNCTION = YES;
				GCC_WARN_UNUSED_VARIABLE = YES;
				IPHONEOS_DEPLOYMENT_TARGET = 9.3;
				MTL_ENABLE_DEBUG_INFO = YES;
				ONLY_ACTIVE_ARCH = YES;
				SDKROOT = iphoneos;
				SWIFT_OPTIMIZATION_LEVEL = "-Onone";
			};
			name = Debug;
		};
		A3FFF1811D382013008CDE73 /* Release */ = {
			isa = XCBuildConfiguration;
			buildSettings = {
				ALWAYS_SEARCH_USER_PATHS = NO;
				CLANG_ANALYZER_NONNULL = YES;
				CLANG_CXX_LANGUAGE_STANDARD = "gnu++0x";
				CLANG_CXX_LIBRARY = "libc++";
				CLANG_ENABLE_MODULES = YES;
				CLANG_ENABLE_OBJC_ARC = YES;
				CLANG_WARN_BOOL_CONVERSION = YES;
				CLANG_WARN_CONSTANT_CONVERSION = YES;
				CLANG_WARN_DIRECT_OBJC_ISA_USAGE = YES_ERROR;
				CLANG_WARN_EMPTY_BODY = YES;
				CLANG_WARN_ENUM_CONVERSION = YES;
				CLANG_WARN_INT_CONVERSION = YES;
				CLANG_WARN_OBJC_ROOT_CLASS = YES_ERROR;
				CLANG_WARN_UNREACHABLE_CODE = YES;
				CLANG_WARN__DUPLICATE_METHOD_MATCH = YES;
				"CODE_SIGN_IDENTITY[sdk=iphoneos*]" = "iPhone Developer";
				COPY_PHASE_STRIP = NO;
				DEBUG_INFORMATION_FORMAT = "dwarf-with-dsym";
				ENABLE_NS_ASSERTIONS = NO;
				ENABLE_STRICT_OBJC_MSGSEND = YES;
				GCC_C_LANGUAGE_STANDARD = gnu99;
				GCC_NO_COMMON_BLOCKS = YES;
				GCC_WARN_64_TO_32_BIT_CONVERSION = YES;
				GCC_WARN_ABOUT_RETURN_TYPE = YES_ERROR;
				GCC_WARN_UNDECLARED_SELECTOR = YES;
				GCC_WARN_UNINITIALIZED_AUTOS = YES_AGGRESSIVE;
				GCC_WARN_UNUSED_FUNCTION = YES;
				GCC_WARN_UNUSED_VARIABLE = YES;
				IPHONEOS_DEPLOYMENT_TARGET = 9.3;
				MTL_ENABLE_DEBUG_INFO = NO;
				SDKROOT = iphoneos;
				VALIDATE_PRODUCT = YES;
			};
			name = Release;
		};
		A3FFF1831D382013008CDE73 /* Debug */ = {
			isa = XCBuildConfiguration;
			buildSettings = {
				ASSETCATALOG_COMPILER_APPICON_NAME = AppIcon;
				INFOPLIST_FILE = CustomMapAnnotation/Info.plist;
				LD_RUNPATH_SEARCH_PATHS = "$(inherited) @executable_path/Frameworks";
				PRODUCT_BUNDLE_IDENTIFIER = com.lukevanin.CustomMapAnnotation;
				PRODUCT_NAME = "$(TARGET_NAME)";
			};
			name = Debug;
		};
		A3FFF1841D382013008CDE73 /* Release */ = {
			isa = XCBuildConfiguration;
			buildSettings = {
				ASSETCATALOG_COMPILER_APPICON_NAME = AppIcon;
				INFOPLIST_FILE = CustomMapAnnotation/Info.plist;
				LD_RUNPATH_SEARCH_PATHS = "$(inherited) @executable_path/Frameworks";
				PRODUCT_BUNDLE_IDENTIFIER = com.lukevanin.CustomMapAnnotation;
				PRODUCT_NAME = "$(TARGET_NAME)";
			};
			name = Release;
		};
/* End XCBuildConfiguration section */

/* Begin XCConfigurationList section */
		A3FFF16B1D382013008CDE73 /* Build configuration list for PBXProject "CustomMapAnnotation" */ = {
			isa = XCConfigurationList;
			buildConfigurations = (
				A3FFF1801D382013008CDE73 /* Debug */,
				A3FFF1811D382013008CDE73 /* Release */,
			);
			defaultConfigurationIsVisible = 0;
			defaultConfigurationName = Release;
		};
		A3FFF1821D382013008CDE73 /* Build configuration list for PBXNativeTarget "CustomMapAnnotation" */ = {
			isa = XCConfigurationList;
			buildConfigurations = (
				A3FFF1831D382013008CDE73 /* Debug */,
				A3FFF1841D382013008CDE73 /* Release */,
			);
			defaultConfigurationIsVisible = 0;
		};
/* End XCConfigurationList section */
	};
	rootObject = A3FFF1681D382013008CDE73 /* Project object */;
}
